// !$*UTF8*$!
{
	archiveVersion = 1;
	classes = {
	};
	objectVersion = 50;
	objects = {

/* Begin PBXBuildFile section */
		02D7BE9827D06DD300A2C46F /* UIImage+compress.m in Sources */ = {isa = PBXBuildFile; fileRef = 02D7BE9727D06DD300A2C46F /* UIImage+compress.m */; };
		932723F622C4CB0700CEBAD4 /* AppDelegate.m in Sources */ = {isa = PBXBuildFile; fileRef = 932723F522C4CB0700CEBAD4 /* AppDelegate.m */; };
		932723F922C4CB0700CEBAD4 /* ViewController.m in Sources */ = {isa = PBXBuildFile; fileRef = 932723F822C4CB0700CEBAD4 /* ViewController.m */; };
		932723FC22C4CB0700CEBAD4 /* Main.storyboard in Resources */ = {isa = PBXBuildFile; fileRef = 932723FA22C4CB0700CEBAD4 /* Main.storyboard */; };
		932723FE22C4CB0800CEBAD4 /* Assets.xcassets in Resources */ = {isa = PBXBuildFile; fileRef = 932723FD22C4CB0800CEBAD4 /* Assets.xcassets */; };
		9327240122C4CB0800CEBAD4 /* LaunchScreen.storyboard in Resources */ = {isa = PBXBuildFile; fileRef = 932723FF22C4CB0800CEBAD4 /* LaunchScreen.storyboard */; };
		9327240422C4CB0800CEBAD4 /* main.m in Sources */ = {isa = PBXBuildFile; fileRef = 9327240322C4CB0800CEBAD4 /* main.m */; };
		9327244E22C4CED800CEBAD4 /* UIView+LDCategory.m in Sources */ = {isa = PBXBuildFile; fileRef = 9327243422C4CED800CEBAD4 /* UIView+LDCategory.m */; };
		9327245022C4CED800CEBAD4 /* NSObject+LDOptionalSingleton.m in Sources */ = {isa = PBXBuildFile; fileRef = 9327243C22C4CED800CEBAD4 /* NSObject+LDOptionalSingleton.m */; };
		9327245122C4CED800CEBAD4 /* LD_NSStringEditor.m in Sources */ = {isa = PBXBuildFile; fileRef = 9327243F22C4CED800CEBAD4 /* LD_NSStringEditor.m */; };
		9327245222C4CED800CEBAD4 /* NSObject+LDCategory.m in Sources */ = {isa = PBXBuildFile; fileRef = 9327244522C4CED800CEBAD4 /* NSObject+LDCategory.m */; };
		9327245322C4CED800CEBAD4 /* LDExchangeAlgorithm.m in Sources */ = {isa = PBXBuildFile; fileRef = 9327244622C4CED800CEBAD4 /* LDExchangeAlgorithm.m */; };
		9327245422C4CED800CEBAD4 /* LDExtension.m in Sources */ = {isa = PBXBuildFile; fileRef = 9327244722C4CED800CEBAD4 /* LDExtension.m */; };
		9327245622C4CED800CEBAD4 /* UIImage+LDCategory.m in Sources */ = {isa = PBXBuildFile; fileRef = 9327244A22C4CED800CEBAD4 /* UIImage+LDCategory.m */; };
		9327245722C4CED800CEBAD4 /* UIButton+EnlargeTouchArea.m in Sources */ = {isa = PBXBuildFile; fileRef = 9327244B22C4CED800CEBAD4 /* UIButton+EnlargeTouchArea.m */; };
		9327245822C4CED800CEBAD4 /* LDDeviceModel.m in Sources */ = {isa = PBXBuildFile; fileRef = 9327244C22C4CED800CEBAD4 /* LDDeviceModel.m */; };
		9327245922C4CED800CEBAD4 /* LDEncrypt.m in Sources */ = {isa = PBXBuildFile; fileRef = 9327244D22C4CED800CEBAD4 /* LDEncrypt.m */; };
/* End PBXBuildFile section */

/* Begin PBXFileReference section */
		02D7BE9627D06DD300A2C46F /* UIImage+compress.h */ = {isa = PBXFileReference; lastKnownFileType = sourcecode.c.h; path = "UIImage+compress.h"; sourceTree = "<group>"; };
		02D7BE9727D06DD300A2C46F /* UIImage+compress.m */ = {isa = PBXFileReference; lastKnownFileType = sourcecode.c.objc; path = "UIImage+compress.m"; sourceTree = "<group>"; };
		932723F122C4CB0700CEBAD4 /* LDExtension-master.app */ = {isa = PBXFileReference; explicitFileType = wrapper.application; includeInIndex = 0; path = "LDExtension-master.app"; sourceTree = BUILT_PRODUCTS_DIR; };
		932723F422C4CB0700CEBAD4 /* AppDelegate.h */ = {isa = PBXFileReference; lastKnownFileType = sourcecode.c.h; path = AppDelegate.h; sourceTree = "<group>"; };
		932723F522C4CB0700CEBAD4 /* AppDelegate.m */ = {isa = PBXFileReference; lastKnownFileType = sourcecode.c.objc; path = AppDelegate.m; sourceTree = "<group>"; };
		932723F722C4CB0700CEBAD4 /* ViewController.h */ = {isa = PBXFileReference; lastKnownFileType = sourcecode.c.h; path = ViewController.h; sourceTree = "<group>"; };
		932723F822C4CB0700CEBAD4 /* ViewController.m */ = {isa = PBXFileReference; lastKnownFileType = sourcecode.c.objc; path = ViewController.m; sourceTree = "<group>"; };
		932723FB22C4CB0700CEBAD4 /* Base */ = {isa = PBXFileReference; lastKnownFileType = file.storyboard; name = Base; path = Base.lproj/Main.storyboard; sourceTree = "<group>"; };
		932723FD22C4CB0800CEBAD4 /* Assets.xcassets */ = {isa = PBXFileReference; lastKnownFileType = folder.assetcatalog; path = Assets.xcassets; sourceTree = "<group>"; };
		9327240022C4CB0800CEBAD4 /* Base */ = {isa = PBXFileReference; lastKnownFileType = file.storyboard; name = Base; path = Base.lproj/LaunchScreen.storyboard; sourceTree = "<group>"; };
		9327240222C4CB0800CEBAD4 /* Info.plist */ = {isa = PBXFileReference; lastKnownFileType = text.plist.xml; path = Info.plist; sourceTree = "<group>"; };
		9327240322C4CB0800CEBAD4 /* main.m */ = {isa = PBXFileReference; lastKnownFileType = sourcecode.c.objc; path = main.m; sourceTree = "<group>"; };
		9327243322C4CED800CEBAD4 /* NSObject+LDCategory.h */ = {isa = PBXFileReference; fileEncoding = 4; lastKnownFileType = sourcecode.c.h; path = "NSObject+LDCategory.h"; sourceTree = "<group>"; };
		9327243422C4CED800CEBAD4 /* UIView+LDCategory.m */ = {isa = PBXFileReference; fileEncoding = 4; lastKnownFileType = sourcecode.c.objc; path = "UIView+LDCategory.m"; sourceTree = "<group>"; };
		9327243922C4CED800CEBAD4 /* LDExtension.h */ = {isa = PBXFileReference; fileEncoding = 4; lastKnownFileType = sourcecode.c.h; path = LDExtension.h; sourceTree = "<group>"; };
		9327243A22C4CED800CEBAD4 /* LDExchangeAlgorithm.h */ = {isa = PBXFileReference; fileEncoding = 4; lastKnownFileType = sourcecode.c.h; path = LDExchangeAlgorithm.h; sourceTree = "<group>"; };
		9327243C22C4CED800CEBAD4 /* NSObject+LDOptionalSingleton.m */ = {isa = PBXFileReference; fileEncoding = 4; lastKnownFileType = sourcecode.c.objc; path = "NSObject+LDOptionalSingleton.m"; sourceTree = "<group>"; };
		9327243D22C4CED800CEBAD4 /* NSObject+LDOptionalSingleton.h */ = {isa = PBXFileReference; fileEncoding = 4; lastKnownFileType = sourcecode.c.h; path = "NSObject+LDOptionalSingleton.h"; sourceTree = "<group>"; };
		9327243E22C4CED800CEBAD4 /* UIButton+EnlargeTouchArea.h */ = {isa = PBXFileReference; fileEncoding = 4; lastKnownFileType = sourcecode.c.h; path = "UIButton+EnlargeTouchArea.h"; sourceTree = "<group>"; };
		9327243F22C4CED800CEBAD4 /* LD_NSStringEditor.m */ = {isa = PBXFileReference; fileEncoding = 4; lastKnownFileType = sourcecode.c.objc; path = LD_NSStringEditor.m; sourceTree = "<group>"; };
		9327244022C4CED800CEBAD4 /* UIImage+LDCategory.h */ = {isa = PBXFileReference; fileEncoding = 4; lastKnownFileType = sourcecode.c.h; path = "UIImage+LDCategory.h"; sourceTree = "<group>"; };
		9327244122C4CED800CEBAD4 /* LDEncrypt.h */ = {isa = PBXFileReference; fileEncoding = 4; lastKnownFileType = sourcecode.c.h; path = LDEncrypt.h; sourceTree = "<group>"; };
		9327244222C4CED800CEBAD4 /* LDDeviceModel.h */ = {isa = PBXFileReference; fileEncoding = 4; lastKnownFileType = sourcecode.c.h; path = LDDeviceModel.h; sourceTree = "<group>"; };
		9327244322C4CED800CEBAD4 /* LD_Macros.h */ = {isa = PBXFileReference; fileEncoding = 4; lastKnownFileType = sourcecode.c.h; path = LD_Macros.h; sourceTree = "<group>"; };
		9327244422C4CED800CEBAD4 /* UIView+LDCategory.h */ = {isa = PBXFileReference; fileEncoding = 4; lastKnownFileType = sourcecode.c.h; path = "UIView+LDCategory.h"; sourceTree = "<group>"; };
		9327244522C4CED800CEBAD4 /* NSObject+LDCategory.m */ = {isa = PBXFileReference; fileEncoding = 4; lastKnownFileType = sourcecode.c.objc; path = "NSObject+LDCategory.m"; sourceTree = "<group>"; };
		9327244622C4CED800CEBAD4 /* LDExchangeAlgorithm.m */ = {isa = PBXFileReference; fileEncoding = 4; lastKnownFileType = sourcecode.c.objc; path = LDExchangeAlgorithm.m; sourceTree = "<group>"; };
		9327244722C4CED800CEBAD4 /* LDExtension.m */ = {isa = PBXFileReference; fileEncoding = 4; lastKnownFileType = sourcecode.c.objc; path = LDExtension.m; sourceTree = "<group>"; };
		9327244922C4CED800CEBAD4 /* LD_NSStringEditor.h */ = {isa = PBXFileReference; fileEncoding = 4; lastKnownFileType = sourcecode.c.h; path = LD_NSStringEditor.h; sourceTree = "<group>"; };
		9327244A22C4CED800CEBAD4 /* UIImage+LDCategory.m */ = {isa = PBXFileReference; fileEncoding = 4; lastKnownFileType = sourcecode.c.objc; path = "UIImage+LDCategory.m"; sourceTree = "<group>"; };
		9327244B22C4CED800CEBAD4 /* UIButton+EnlargeTouchArea.m */ = {isa = PBXFileReference; fileEncoding = 4; lastKnownFileType = sourcecode.c.objc; path = "UIButton+EnlargeTouchArea.m"; sourceTree = "<group>"; };
		9327244C22C4CED800CEBAD4 /* LDDeviceModel.m */ = {isa = PBXFileReference; fileEncoding = 4; lastKnownFileType = sourcecode.c.objc; path = LDDeviceModel.m; sourceTree = "<group>"; };
		9327244D22C4CED800CEBAD4 /* LDEncrypt.m */ = {isa = PBXFileReference; fileEncoding = 4; lastKnownFileType = sourcecode.c.objc; path = LDEncrypt.m; sourceTree = "<group>"; };
/* End PBXFileReference section */

/* Begin PBXFrameworksBuildPhase section */
		932723EE22C4CB0700CEBAD4 /* Frameworks */ = {
			isa = PBXFrameworksBuildPhase;
			buildActionMask = 2147483647;
			files = (
			);
			runOnlyForDeploymentPostprocessing = 0;
		};
/* End PBXFrameworksBuildPhase section */

/* Begin PBXGroup section */
		02D7BE9527D06DBB00A2C46F /* UIImage+compress */ = {
			isa = PBXGroup;
			children = (
				02D7BE9627D06DD300A2C46F /* UIImage+compress.h */,
				02D7BE9727D06DD300A2C46F /* UIImage+compress.m */,
			);
			path = "UIImage+compress";
			sourceTree = "<group>";
		};
		932723E822C4CB0700CEBAD4 = {
			isa = PBXGroup;
			children = (
				932723F322C4CB0700CEBAD4 /* LDExtension-master */,
				932723F222C4CB0700CEBAD4 /* Products */,
			);
			sourceTree = "<group>";
		};
		932723F222C4CB0700CEBAD4 /* Products */ = {
			isa = PBXGroup;
			children = (
				932723F122C4CB0700CEBAD4 /* LDExtension-master.app */,
			);
			name = Products;
			sourceTree = "<group>";
		};
		932723F322C4CB0700CEBAD4 /* LDExtension-master */ = {
			isa = PBXGroup;
			children = (
				9327243222C4CED800CEBAD4 /* LDExtension */,
				932723F422C4CB0700CEBAD4 /* AppDelegate.h */,
				932723F522C4CB0700CEBAD4 /* AppDelegate.m */,
				932723F722C4CB0700CEBAD4 /* ViewController.h */,
				932723F822C4CB0700CEBAD4 /* ViewController.m */,
				932723FA22C4CB0700CEBAD4 /* Main.storyboard */,
				932723FD22C4CB0800CEBAD4 /* Assets.xcassets */,
				932723FF22C4CB0800CEBAD4 /* LaunchScreen.storyboard */,
				9327240222C4CB0800CEBAD4 /* Info.plist */,
				9327240322C4CB0800CEBAD4 /* main.m */,
			);
			path = "LDExtension-master";
			sourceTree = "<group>";
		};
		9327243222C4CED800CEBAD4 /* LDExtension */ = {
			isa = PBXGroup;
			children = (
				9327244322C4CED800CEBAD4 /* LD_Macros.h */,
				9327244922C4CED800CEBAD4 /* LD_NSStringEditor.h */,
				9327243F22C4CED800CEBAD4 /* LD_NSStringEditor.m */,
				9327244222C4CED800CEBAD4 /* LDDeviceModel.h */,
				9327244C22C4CED800CEBAD4 /* LDDeviceModel.m */,
				02D7BE9527D06DBB00A2C46F /* UIImage+compress */,
				9327244122C4CED800CEBAD4 /* LDEncrypt.h */,
				9327244D22C4CED800CEBAD4 /* LDEncrypt.m */,
				9327243A22C4CED800CEBAD4 /* LDExchangeAlgorithm.h */,
				9327244622C4CED800CEBAD4 /* LDExchangeAlgorithm.m */,
				9327243922C4CED800CEBAD4 /* LDExtension.h */,
				9327244722C4CED800CEBAD4 /* LDExtension.m */,
				9327243322C4CED800CEBAD4 /* NSObject+LDCategory.h */,
				9327244522C4CED800CEBAD4 /* NSObject+LDCategory.m */,
				9327243B22C4CED800CEBAD4 /* NSObject+LDOptionalSingleton */,
				9327243E22C4CED800CEBAD4 /* UIButton+EnlargeTouchArea.h */,
				9327244B22C4CED800CEBAD4 /* UIButton+EnlargeTouchArea.m */,
				9327244022C4CED800CEBAD4 /* UIImage+LDCategory.h */,
				9327244A22C4CED800CEBAD4 /* UIImage+LDCategory.m */,
				9327244422C4CED800CEBAD4 /* UIView+LDCategory.h */,
				9327243422C4CED800CEBAD4 /* UIView+LDCategory.m */,
			);
			path = LDExtension;
			sourceTree = SOURCE_ROOT;
		};
		9327243B22C4CED800CEBAD4 /* NSObject+LDOptionalSingleton */ = {
			isa = PBXGroup;
			children = (
				9327243D22C4CED800CEBAD4 /* NSObject+LDOptionalSingleton.h */,
				9327243C22C4CED800CEBAD4 /* NSObject+LDOptionalSingleton.m */,
			);
			path = "NSObject+LDOptionalSingleton";
			sourceTree = "<group>";
		};
/* End PBXGroup section */

/* Begin PBXNativeTarget section */
		932723F022C4CB0700CEBAD4 /* LDExtension-master */ = {
			isa = PBXNativeTarget;
			buildConfigurationList = 9327240722C4CB0800CEBAD4 /* Build configuration list for PBXNativeTarget "LDExtension-master" */;
			buildPhases = (
				932723ED22C4CB0700CEBAD4 /* Sources */,
				932723EE22C4CB0700CEBAD4 /* Frameworks */,
				932723EF22C4CB0700CEBAD4 /* Resources */,
			);
			buildRules = (
			);
			dependencies = (
			);
			name = "LDExtension-master";
			productName = "LDExtension-master";
			productReference = 932723F122C4CB0700CEBAD4 /* LDExtension-master.app */;
			productType = "com.apple.product-type.application";
		};
/* End PBXNativeTarget section */

/* Begin PBXProject section */
		932723E922C4CB0700CEBAD4 /* Project object */ = {
			isa = PBXProject;
			attributes = {
				LastUpgradeCheck = 1020;
				ORGANIZATIONNAME = Alex;
				TargetAttributes = {
					932723F022C4CB0700CEBAD4 = {
						CreatedOnToolsVersion = 10.2.1;
					};
				};
			};
			buildConfigurationList = 932723EC22C4CB0700CEBAD4 /* Build configuration list for PBXProject "LDExtension-master" */;
			compatibilityVersion = "Xcode 9.3";
			developmentRegion = en;
			hasScannedForEncodings = 0;
			knownRegions = (
				en,
				Base,
			);
			mainGroup = 932723E822C4CB0700CEBAD4;
			productRefGroup = 932723F222C4CB0700CEBAD4 /* Products */;
			projectDirPath = "";
			projectRoot = "";
			targets = (
				932723F022C4CB0700CEBAD4 /* LDExtension-master */,
			);
		};
/* End PBXProject section */

/* Begin PBXResourcesBuildPhase section */
		932723EF22C4CB0700CEBAD4 /* Resources */ = {
			isa = PBXResourcesBuildPhase;
			buildActionMask = 2147483647;
			files = (
				9327240122C4CB0800CEBAD4 /* LaunchScreen.storyboard in Resources */,
				932723FE22C4CB0800CEBAD4 /* Assets.xcassets in Resources */,
				932723FC22C4CB0700CEBAD4 /* Main.storyboard in Resources */,
			);
			runOnlyForDeploymentPostprocessing = 0;
		};
/* End PBXResourcesBuildPhase section */

/* Begin PBXSourcesBuildPhase section */
		932723ED22C4CB0700CEBAD4 /* Sources */ = {
			isa = PBXSourcesBuildPhase;
			buildActionMask = 2147483647;
			files = (
				9327244E22C4CED800CEBAD4 /* UIView+LDCategory.m in Sources */,
				9327245122C4CED800CEBAD4 /* LD_NSStringEditor.m in Sources */,
				9327245922C4CED800CEBAD4 /* LDEncrypt.m in Sources */,
				9327245622C4CED800CEBAD4 /* UIImage+LDCategory.m in Sources */,
				9327245422C4CED800CEBAD4 /* LDExtension.m in Sources */,
				9327245722C4CED800CEBAD4 /* UIButton+EnlargeTouchArea.m in Sources */,
				9327245822C4CED800CEBAD4 /* LDDeviceModel.m in Sources */,
				9327245222C4CED800CEBAD4 /* NSObject+LDCategory.m in Sources */,
				932723F922C4CB0700CEBAD4 /* ViewController.m in Sources */,
				9327240422C4CB0800CEBAD4 /* main.m in Sources */,
				9327245322C4CED800CEBAD4 /* LDExchangeAlgorithm.m in Sources */,
				02D7BE9827D06DD300A2C46F /* UIImage+compress.m in Sources */,
				9327245022C4CED800CEBAD4 /* NSObject+LDOptionalSingleton.m in Sources */,
				932723F622C4CB0700CEBAD4 /* AppDelegate.m in Sources */,
			);
			runOnlyForDeploymentPostprocessing = 0;
		};
/* End PBXSourcesBuildPhase section */

/* Begin PBXVariantGroup section */
		932723FA22C4CB0700CEBAD4 /* Main.storyboard */ = {
			isa = PBXVariantGroup;
			children = (
				932723FB22C4CB0700CEBAD4 /* Base */,
			);
			name = Main.storyboard;
			sourceTree = "<group>";
		};
		932723FF22C4CB0800CEBAD4 /* LaunchScreen.storyboard */ = {
			isa = PBXVariantGroup;
			children = (
				9327240022C4CB0800CEBAD4 /* Base */,
			);
			name = LaunchScreen.storyboard;
			sourceTree = "<group>";
		};
/* End PBXVariantGroup section */

/* Begin XCBuildConfiguration section */
		9327240522C4CB0800CEBAD4 /* Debug */ = {
			isa = XCBuildConfiguration;
			buildSettings = {
				ALWAYS_SEARCH_USER_PATHS = NO;
				CLANG_ANALYZER_NONNULL = YES;
				CLANG_ANALYZER_NUMBER_OBJECT_CONVERSION = YES_AGGRESSIVE;
				CLANG_CXX_LANGUAGE_STANDARD = "gnu++14";
				CLANG_CXX_LIBRARY = "libc++";
				CLANG_ENABLE_MODULES = YES;
				CLANG_ENABLE_OBJC_ARC = YES;
				CLANG_ENABLE_OBJC_WEAK = YES;
				CLANG_WARN_BLOCK_CAPTURE_AUTORELEASING = YES;
				CLANG_WARN_BOOL_CONVERSION = YES;
				CLANG_WARN_COMMA = YES;
				CLANG_WARN_CONSTANT_CONVERSION = YES;
				CLANG_WARN_DEPRECATED_OBJC_IMPLEMENTATIONS = YES;
				CLANG_WARN_DIRECT_OBJC_ISA_USAGE = YES_ERROR;
				CLANG_WARN_DOCUMENTATION_COMMENTS = YES;
				CLANG_WARN_EMPTY_BODY = YES;
				CLANG_WARN_ENUM_CONVERSION = YES;
				CLANG_WARN_INFINITE_RECURSION = YES;
				CLANG_WARN_INT_CONVERSION = YES;
				CLANG_WARN_NON_LITERAL_NULL_CONVERSION = YES;
				CLANG_WARN_OBJC_IMPLICIT_RETAIN_SELF = YES;
				CLANG_WARN_OBJC_LITERAL_CONVERSION = YES;
				CLANG_WARN_OBJC_ROOT_CLASS = YES_ERROR;
				CLANG_WARN_RANGE_LOOP_ANALYSIS = YES;
				CLANG_WARN_STRICT_PROTOTYPES = YES;
				CLANG_WARN_SUSPICIOUS_MOVE = YES;
				CLANG_WARN_UNGUARDED_AVAILABILITY = YES_AGGRESSIVE;
				CLANG_WARN_UNREACHABLE_CODE = YES;
				CLANG_WARN__DUPLICATE_METHOD_MATCH = YES;
				CODE_SIGN_IDENTITY = "iPhone Developer";
				COPY_PHASE_STRIP = NO;
				DEBUG_INFORMATION_FORMAT = dwarf;
				ENABLE_STRICT_OBJC_MSGSEND = YES;
				ENABLE_TESTABILITY = YES;
				GCC_C_LANGUAGE_STANDARD = gnu11;
				GCC_DYNAMIC_NO_PIC = NO;
				GCC_NO_COMMON_BLOCKS = YES;
				GCC_OPTIMIZATION_LEVEL = 0;
				GCC_PREPROCESSOR_DEFINITIONS = (
					"DEBUG=1",
					"$(inherited)",
				);
				GCC_WARN_64_TO_32_BIT_CONVERSION = YES;
				GCC_WARN_ABOUT_RETURN_TYPE = YES_ERROR;
				GCC_WARN_UNDECLARED_SELECTOR = YES;
				GCC_WARN_UNINITIALIZED_AUTOS = YES_AGGRESSIVE;
				GCC_WARN_UNUSED_FUNCTION = YES;
				GCC_WARN_UNUSED_VARIABLE = YES;
				IPHONEOS_DEPLOYMENT_TARGET = 12.2;
				MTL_ENABLE_DEBUG_INFO = INCLUDE_SOURCE;
				MTL_FAST_MATH = YES;
				ONLY_ACTIVE_ARCH = YES;
				SDKROOT = iphoneos;
			};
			name = Debug;
		};
		9327240622C4CB0800CEBAD4 /* Release */ = {
			isa = XCBuildConfiguration;
			buildSettings = {
				ALWAYS_SEARCH_USER_PATHS = NO;
				CLANG_ANALYZER_NONNULL = YES;
				CLANG_ANALYZER_NUMBER_OBJECT_CONVERSION = YES_AGGRESSIVE;
				CLANG_CXX_LANGUAGE_STANDARD = "gnu++14";
				CLANG_CXX_LIBRARY = "libc++";
				CLANG_ENABLE_MODULES = YES;
				CLANG_ENABLE_OBJC_ARC = YES;
				CLANG_ENABLE_OBJC_WEAK = YES;
				CLANG_WARN_BLOCK_CAPTURE_AUTORELEASING = YES;
				CLANG_WARN_BOOL_CONVERSION = YES;
				CLANG_WARN_COMMA = YES;
				CLANG_WARN_CONSTANT_CONVERSION = YES;
				CLANG_WARN_DEPRECATED_OBJC_IMPLEMENTATIONS = YES;
				CLANG_WARN_DIRECT_OBJC_ISA_USAGE = YES_ERROR;
				CLANG_WARN_DOCUMENTATION_COMMENTS = YES;
				CLANG_WARN_EMPTY_BODY = YES;
				CLANG_WARN_ENUM_CONVERSION = YES;
				CLANG_WARN_INFINITE_RECURSION = YES;
				CLANG_WARN_INT_CONVERSION = YES;
				CLANG_WARN_NON_LITERAL_NULL_CONVERSION = YES;
				CLANG_WARN_OBJC_IMPLICIT_RETAIN_SELF = YES;
				CLANG_WARN_OBJC_LITERAL_CONVERSION = YES;
				CLANG_WARN_OBJC_ROOT_CLASS = YES_ERROR;
				CLANG_WARN_RANGE_LOOP_ANALYSIS = YES;
				CLANG_WARN_STRICT_PROTOTYPES = YES;
				CLANG_WARN_SUSPICIOUS_MOVE = YES;
				CLANG_WARN_UNGUARDED_AVAILABILITY = YES_AGGRESSIVE;
				CLANG_WARN_UNREACHABLE_CODE = YES;
				CLANG_WARN__DUPLICATE_METHOD_MATCH = YES;
				CODE_SIGN_IDENTITY = "iPhone Developer";
				COPY_PHASE_STRIP = NO;
				DEBUG_INFORMATION_FORMAT = "dwarf-with-dsym";
				ENABLE_NS_ASSERTIONS = NO;
				ENABLE_STRICT_OBJC_MSGSEND = YES;
				GCC_C_LANGUAGE_STANDARD = gnu11;
				GCC_NO_COMMON_BLOCKS = YES;
				GCC_WARN_64_TO_32_BIT_CONVERSION = YES;
				GCC_WARN_ABOUT_RETURN_TYPE = YES_ERROR;
				GCC_WARN_UNDECLARED_SELECTOR = YES;
				GCC_WARN_UNINITIALIZED_AUTOS = YES_AGGRESSIVE;
				GCC_WARN_UNUSED_FUNCTION = YES;
				GCC_WARN_UNUSED_VARIABLE = YES;
				IPHONEOS_DEPLOYMENT_TARGET = 12.2;
				MTL_ENABLE_DEBUG_INFO = NO;
				MTL_FAST_MATH = YES;
				SDKROOT = iphoneos;
				VALIDATE_PRODUCT = YES;
			};
			name = Release;
		};
		9327240822C4CB0800CEBAD4 /* Debug */ = {
			isa = XCBuildConfiguration;
			buildSettings = {
				ASSETCATALOG_COMPILER_APPICON_NAME = AppIcon;
				CODE_SIGN_STYLE = Automatic;
				DEVELOPMENT_TEAM = LHX5GA8RPT;
				INFOPLIST_FILE = "LDExtension-master/Info.plist";
				IPHONEOS_DEPLOYMENT_TARGET = 9.0;
				LD_RUNPATH_SEARCH_PATHS = (
					"$(inherited)",
					"@executable_path/Frameworks",
				);
				PRODUCT_BUNDLE_IDENTIFIER = "Li.LDExtension-master";
				PRODUCT_NAME = "$(TARGET_NAME)";
				TARGETED_DEVICE_FAMILY = "1,2";
			};
			name = Debug;
		};
		9327240922C4CB0800CEBAD4 /* Release */ = {
			isa = XCBuildConfiguration;
			buildSettings = {
				ASSETCATALOG_COMPILER_APPICON_NAME = AppIcon;
				CODE_SIGN_STYLE = Automatic;
				DEVELOPMENT_TEAM = LHX5GA8RPT;
				INFOPLIST_FILE = "LDExtension-master/Info.plist";
				IPHONEOS_DEPLOYMENT_TARGET = 9.0;
				LD_RUNPATH_SEARCH_PATHS = (
					"$(inherited)",
					"@executable_path/Frameworks",
				);
				PRODUCT_BUNDLE_IDENTIFIER = "Li.LDExtension-master";
				PRODUCT_NAME = "$(TARGET_NAME)";
				TARGETED_DEVICE_FAMILY = "1,2";
			};
			name = Release;
		};
/* End XCBuildConfiguration section */

/* Begin XCConfigurationList section */
		932723EC22C4CB0700CEBAD4 /* Build configuration list for PBXProject "LDExtension-master" */ = {
			isa = XCConfigurationList;
			buildConfigurations = (
				9327240522C4CB0800CEBAD4 /* Debug */,
				9327240622C4CB0800CEBAD4 /* Release */,
			);
			defaultConfigurationIsVisible = 0;
			defaultConfigurationName = Release;
		};
		9327240722C4CB0800CEBAD4 /* Build configuration list for PBXNativeTarget "LDExtension-master" */ = {
			isa = XCConfigurationList;
			buildConfigurations = (
				9327240822C4CB0800CEBAD4 /* Debug */,
				9327240922C4CB0800CEBAD4 /* Release */,
			);
			defaultConfigurationIsVisible = 0;
			defaultConfigurationName = Release;
		};
/* End XCConfigurationList section */
	};
	rootObject = 932723E922C4CB0700CEBAD4 /* Project object */;
}
